
Microsoft Visual Studio Solution File, Format Version 12.00
# Visual Studio Version 16
VisualStudioVersion = 16.0.31220.234
MinimumVisualStudioVersion = 10.0.40219.1
Project("{9A19103F-16F7-4668-BE54-9A1E7A4F7556}") = "ProjectWeekendPuzzles", "ProjectWeekendPuzzles\ProjectWeekendPuzzles.csproj", "{ECC990AA-C2EC-4B8C-82EB-4CB43E5392E0}"
EndProject
Project("{9A19103F-16F7-4668-BE54-9A1E7A4F7556}") = "ProjectWeekendPuzzles.Core", "ProjectWeekendPuzzles.Core\ProjectWeekendPuzzles.Core.csproj", "{EA7E5BCC-0898-4EE0-B10D-36DA279979B3}"
EndProject
Global
	GlobalSection(SolutionConfigurationPlatforms) = preSolution
		Debug|Any CPU = Debug|Any CPU
		Release|Any CPU = Release|Any CPU
	EndGlobalSection
	GlobalSection(ProjectConfigurationPlatforms) = postSolution
		{ECC990AA-C2EC-4B8C-82EB-4CB43E5392E0}.Debug|Any CPU.ActiveCfg = Debug|Any CPU
		{ECC990AA-C2EC-4B8C-82EB-4CB43E5392E0}.Debug|Any CPU.Build.0 = Debug|Any CPU
		{ECC990AA-C2EC-4B8C-82EB-4CB43E5392E0}.Release|Any CPU.ActiveCfg = Release|Any CPU
		{ECC990AA-C2EC-4B8C-82EB-4CB43E5392E0}.Release|Any CPU.Build.0 = Release|Any CPU
		{EA7E5BCC-0898-4EE0-B10D-36DA279979B3}.Debug|Any CPU.ActiveCfg = Debug|Any CPU
		{EA7E5BCC-0898-4EE0-B10D-36DA279979B3}.Debug|Any CPU.Build.0 = Debug|Any CPU
		{EA7E5BCC-0898-4EE0-B10D-36DA279979B3}.Release|Any CPU.ActiveCfg = Release|Any CPU
		{EA7E5BCC-0898-4EE0-B10D-36DA279979B3}.Release|Any CPU.Build.0 = Release|Any CPU
	EndGlobalSection
	GlobalSection(SolutionProperties) = preSolution
		HideSolutionNode = FALSE
	EndGlobalSection
	GlobalSection(ExtensibilityGlobals) = postSolution
		SolutionGuid = {6EE79032-E6EB-464B-956A-389AD8BB8946}
	EndGlobalSection
EndGlobal
